# THIS IS AN AUTOGENERATED FILE. DO NOT EDIT THIS FILE DIRECTLY.
# yarn lockfile v1


acorn@^4.0.3:
  version "4.0.11"
  resolved "https://registry.yarnpkg.com/acorn/-/acorn-4.0.11.tgz#edcda3bd937e7556410d42ed5860f67399c794c0"

argparse@0.1.6:
  version "0.1.6"
  resolved "https://registry.yarnpkg.com/argparse/-/argparse-0.1.6.tgz#434d4ceaf77275e117d396293dcb2977c31b40ec"
  dependencies:
    underscore "~1.3.3"
    underscore.string "~2.1.1"

cli-table@0.0.x:
  version "0.0.2"
  resolved "https://registry.yarnpkg.com/cli-table/-/cli-table-0.0.2.tgz#982867e16435325c66c208a1e71b95336ea3093b"
  dependencies:
    colors "0.3.0"

codemirror@5.1.0:
  version "5.1.0"
  resolved "https://registry.yarnpkg.com/codemirror/-/codemirror-5.1.0.tgz#ec7e62ee0238431661a852325137c33f58aee5ed"

colors@0.3.0:
  version "0.3.0"
  resolved "https://registry.yarnpkg.com/colors/-/colors-0.3.0.tgz#c247d64d34db0ca4dc8e43f3ecd6da98d0af94e7"

commander@0.6.1:
  version "0.6.1"
  resolved "https://registry.yarnpkg.com/commander/-/commander-0.6.1.tgz#fa68a14f6a945d54dbbe50d8cdb3320e9e3b1a06"

commander@2.3.0:
  version "2.3.0"
  resolved "https://registry.yarnpkg.com/commander/-/commander-2.3.0.tgz#fd430e889832ec353b9acd1de217c11cb3eef873"

cover@0.2.9:
  version "0.2.9"
  resolved "https://registry.yarnpkg.com/cover/-/cover-0.2.9.tgz#262029dfb31714d48043fed91ede658593955dd4"
  dependencies:
    cli-table "0.0.x"
    underscore "1.2.x"
    underscore.string "2.0.x"
    which "1.0.x"

datatables@1.10.6:
  version "1.10.6"
  resolved "https://registry.yarnpkg.com/datatables/-/datatables-1.10.6.tgz#24867a9c3d3ce617ac732aa7785f127f0fb5d3d0"
  dependencies:
    jquery ">=1.7"

debug@2.2.0:
  version "2.2.0"
  resolved "https://registry.yarnpkg.com/debug/-/debug-2.2.0.tgz#f87057e995b1a1f6ae6a4960664137bc56f039da"
  dependencies:
    ms "0.7.1"

diff@1.4.0:
  version "1.4.0"
  resolved "https://registry.yarnpkg.com/diff/-/diff-1.4.0.tgz#7f28d2eb9ee7b15a97efd89ce63dcfdaa3ccbabf"

escape-string-regexp@1.0.2:
  version "1.0.2"
  resolved "https://registry.yarnpkg.com/escape-string-regexp/-/escape-string-regexp-1.0.2.tgz#4dbc2fe674e71949caf3fb2695ce7f2dc1d9a8d1"

esotope@1.4.5:
  version "1.4.5"
  resolved "https://registry.yarnpkg.com/esotope/-/esotope-1.4.5.tgz#a18d53b75cf0955599e6830a766166925dee0f69"

estraverse@4.0.0:
  version "4.0.0"
  resolved "https://registry.yarnpkg.com/estraverse/-/estraverse-4.0.0.tgz#ab96dd6bef5dc7958cec1d7d45085dd5c8f1eda1"

fill-keys@^1.0.2:
  version "1.0.2"
  resolved "https://registry.yarnpkg.com/fill-keys/-/fill-keys-1.0.2.tgz#9a8fa36f4e8ad634e3bf6b4f3c8882551452eb20"
  dependencies:
    is-object "~1.0.1"
    merge-descriptors "~1.0.0"

glob@3.2.11:
  version "3.2.11"
  resolved "https://registry.yarnpkg.com/glob/-/glob-3.2.11.tgz#4a973f635b9190f715d10987d5c00fd2815ebe3d"
  dependencies:
    inherits "2"
    minimatch "0.3"

graceful-fs@^3.0.4:
  version "3.0.11"
  resolved "https://registry.yarnpkg.com/graceful-fs/-/graceful-fs-3.0.11.tgz#7613c778a1afea62f25c630a086d7f3acbbdd818"
  dependencies:
    natives "^1.1.0"

graceful-ncp@2.0.0:
  version "2.0.0"
  resolved "https://registry.yarnpkg.com/graceful-ncp/-/graceful-ncp-2.0.0.tgz#dcd162928d3b4e72b8ff047fb5a5247c19b19d81"
  dependencies:
    graceful-fs "^3.0.4"
    ncp "^2.0.0"
    proxyquire "^1.4.0"

growl@1.9.2:
  version "1.9.2"
  resolved "https://registry.yarnpkg.com/growl/-/growl-1.9.2.tgz#0ea7743715db8d8de2c5ede1775e1b45ac85c02f"

inherits@2:
  version "2.0.3"
  resolved "https://registry.yarnpkg.com/inherits/-/inherits-2.0.3.tgz#633c2c83e3da42a502f52466022480f4208261de"

is-object@~1.0.1:
  version "1.0.1"
  resolved "https://registry.yarnpkg.com/is-object/-/is-object-1.0.1.tgz#8952688c5ec2ffd6b03ecc85e769e02903083470"

jade@0.26.3:
  version "0.26.3"
  resolved "https://registry.yarnpkg.com/jade/-/jade-0.26.3.tgz#8f10d7977d8d79f2f6ff862a81b0513ccb25686c"
  dependencies:
    commander "0.6.1"
    mkdirp "0.3.0"

jquery@2.1.3, jquery@>=1.7:
  version "2.1.3"
  resolved "https://registry.yarnpkg.com/jquery/-/jquery-2.1.3.tgz#6ec55204673d505d39432c5bf5cfad10e1dbad2e"

lru-cache@2:
  version "2.7.3"
  resolved "https://registry.yarnpkg.com/lru-cache/-/lru-cache-2.7.3.tgz#6d4524e8b955f95d4f5b58851ce21dd72fb4e952"

merge-descriptors@~1.0.0:
  version "1.0.1"
  resolved "https://registry.yarnpkg.com/merge-descriptors/-/merge-descriptors-1.0.1.tgz#b00aaa556dd8b44568150ec9d1b953f3f90cbb61"

minimatch@0.3:
  version "0.3.0"
  resolved "https://registry.yarnpkg.com/minimatch/-/minimatch-0.3.0.tgz#275d8edaac4f1bb3326472089e7949c8394699dd"
  dependencies:
    lru-cache "2"
    sigmund "~1.0.0"

minimist@0.0.8:
  version "0.0.8"
  resolved "https://registry.yarnpkg.com/minimist/-/minimist-0.0.8.tgz#857fcabfc3397d2625b8228262e86aa7a011b05d"

mkdirp@0.3.0:
  version "0.3.0"
  resolved "https://registry.yarnpkg.com/mkdirp/-/mkdirp-0.3.0.tgz#1bbf5ab1ba827af23575143490426455f481fe1e"

mkdirp@0.5.0:
  version "0.5.0"
  resolved "https://registry.yarnpkg.com/mkdirp/-/mkdirp-0.5.0.tgz#1d73076a6df986cd9344e15e71fcc05a4c9abf12"
  dependencies:
    minimist "0.0.8"

mkdirp@0.5.1:
  version "0.5.1"
  resolved "https://registry.yarnpkg.com/mkdirp/-/mkdirp-0.5.1.tgz#30057438eac6cf7f8c4767f38648d6697d75c903"
  dependencies:
    minimist "0.0.8"

mocha@^2.4.5:
  version "2.5.3"
  resolved "https://registry.yarnpkg.com/mocha/-/mocha-2.5.3.tgz#161be5bdeb496771eb9b35745050b622b5aefc58"
  dependencies:
    commander "2.3.0"
    debug "2.2.0"
    diff "1.4.0"
    escape-string-regexp "1.0.2"
    glob "3.2.11"
    growl "1.9.2"
    jade "0.26.3"
    mkdirp "0.5.1"
    supports-color "1.2.0"
    to-iso-string "0.0.2"

module-not-found-error@^1.0.0:
  version "1.0.1"
  resolved "https://registry.yarnpkg.com/module-not-found-error/-/module-not-found-error-1.0.1.tgz#cf8b4ff4f29640674d6cdd02b0e3bc523c2bbdc0"

ms@0.7.1:
  version "0.7.1"
  resolved "https://registry.yarnpkg.com/ms/-/ms-0.7.1.tgz#9cd13c03adbff25b65effde7ce864ee952017098"

natives@^1.1.0:
  version "1.1.0"
  resolved "https://registry.yarnpkg.com/natives/-/natives-1.1.0.tgz#e9ff841418a6b2ec7a495e939984f78f163e6e31"

ncp@^2.0.0:
  version "2.0.0"
  resolved "https://registry.yarnpkg.com/ncp/-/ncp-2.0.0.tgz#195a21d6c46e361d2fb1281ba38b91e9df7bdbb3"

parse5@2.1.5:
  version "2.1.5"
  resolved "https://registry.yarnpkg.com/parse5/-/parse5-2.1.5.tgz#7a8677ade25ddac04237905f7be54645572dcf05"

proxyquire@^1.4.0:
  version "1.7.11"
  resolved "https://registry.yarnpkg.com/proxyquire/-/proxyquire-1.7.11.tgz#13b494eb1e71fb21cc3ebe3699e637d3bec1af9e"
  dependencies:
    fill-keys "^1.0.2"
    module-not-found-error "^1.0.0"
    resolve "~1.1.7"

q@1.2.0:
  version "1.2.0"
  resolved "https://registry.yarnpkg.com/q/-/q-1.2.0.tgz#811705ce4a9802adff811ab0fcdbd01946e1fe22"

resolve@~1.1.7:
  version "1.1.7"
  resolved "https://registry.yarnpkg.com/resolve/-/resolve-1.1.7.tgz#203114d82ad2c5ed9e8e0411b3932875e889e97b"

rewriting-proxy@0.5.2:
  version "0.5.2"
  resolved "https://registry.yarnpkg.com/rewriting-proxy/-/rewriting-proxy-0.5.2.tgz#ee96989f22b3f76483eaec0b0bc142debaf5b999"
  dependencies:
    parse5 "2.1.5"

rimraf@~2.2.6:
  version "2.2.8"
  resolved "https://registry.yarnpkg.com/rimraf/-/rimraf-2.2.8.tgz#e439be2aaee327321952730f99a8929e4fc50582"

shelljs@^0.6.0:
  version "0.6.1"
  resolved "https://registry.yarnpkg.com/shelljs/-/shelljs-0.6.1.tgz#ec6211bed1920442088fe0f70b2837232ed2c8a8"

sigmund@~1.0.0:
  version "1.0.1"
  resolved "https://registry.yarnpkg.com/sigmund/-/sigmund-1.0.1.tgz#3ff21f198cad2175f9f3b781853fd94d0d19b590"

supports-color@1.2.0:
  version "1.2.0"
  resolved "https://registry.yarnpkg.com/supports-color/-/supports-color-1.2.0.tgz#ff1ed1e61169d06b3cf2d588e188b18d8847e17e"

temp@0.8.1:
  version "0.8.1"
  resolved "https://registry.yarnpkg.com/temp/-/temp-0.8.1.tgz#4b7b4ffde85bb09f2dd6ba6cc43b44213c94fd3a"
  dependencies:
    rimraf "~2.2.6"

to-iso-string@0.0.2:
  version "0.0.2"
  resolved "https://registry.yarnpkg.com/to-iso-string/-/to-iso-string-0.0.2.tgz#4dc19e664dfccbe25bd8db508b00c6da158255d1"

underscore.string@2.0.x:
  version "2.0.0"
  resolved "https://registry.yarnpkg.com/underscore.string/-/underscore.string-2.0.0.tgz#7470858a54a0bb3560d037da56dcc67b5181e11a"

underscore.string@~2.1.1:
  version "2.1.1"
  resolved "https://registry.yarnpkg.com/underscore.string/-/underscore.string-2.1.1.tgz#458397799114b9b67f6030bb527b0afae689c061"

underscore@1.2.x:
  version "1.2.4"
  resolved "https://registry.yarnpkg.com/underscore/-/underscore-1.2.4.tgz#e8da6241aa06f64df2473bb2590b8c17c84c3c7e"

underscore@~1.3.3:
  version "1.3.3"
  resolved "https://registry.yarnpkg.com/underscore/-/underscore-1.3.3.tgz#47ac53683daf832bfa952e1774417da47817ae42"

which@1.0.x:
  version "1.0.9"
  resolved "https://registry.yarnpkg.com/which/-/which-1.0.9.tgz#460c1da0f810103d0321a9b633af9e575e64486f"
